// !$*UTF8*$!
{
	archiveVersion = 1;
	classes = {
	};
	objectVersion = 50;
	objects = {

/* Begin PBXBuildFile section */
		D87B9EFA20AA7FFD0047CCB0 /* AppDelegate.swift in Sources */ = {isa = PBXBuildFile; fileRef = D87B9EF920AA7FFD0047CCB0 /* AppDelegate.swift */; };
		D87B9F0120AA7FFE0047CCB0 /* Assets.xcassets in Resources */ = {isa = PBXBuildFile; fileRef = D87B9F0020AA7FFE0047CCB0 /* Assets.xcassets */; };
		D87B9F0420AA7FFE0047CCB0 /* LaunchScreen.storyboard in Resources */ = {isa = PBXBuildFile; fileRef = D87B9F0220AA7FFE0047CCB0 /* LaunchScreen.storyboard */; };
		D87B9F1B20AA8AFB0047CCB0 /* Quote.swift in Sources */ = {isa = PBXBuildFile; fileRef = D87B9F1A20AA8AFB0047CCB0 /* Quote.swift */; };
		D87B9F1D20AA8B080047CCB0 /* QuoteTests.swift in Sources */ = {isa = PBXBuildFile; fileRef = D87B9F1C20AA8B080047CCB0 /* QuoteTests.swift */; };
		D87B9F1F20AA8BEC0047CCB0 /* QuoteStoreTests.swift in Sources */ = {isa = PBXBuildFile; fileRef = D87B9F1E20AA8BEC0047CCB0 /* QuoteStoreTests.swift */; };
		D87B9F2120AA8BF50047CCB0 /* QuoteStore.swift in Sources */ = {isa = PBXBuildFile; fileRef = D87B9F2020AA8BF50047CCB0 /* QuoteStore.swift */; };
		D87B9F2320AAC5690047CCB0 /* ProgrammingQuotesAPI.swift in Sources */ = {isa = PBXBuildFile; fileRef = D87B9F2220AAC5690047CCB0 /* ProgrammingQuotesAPI.swift */; };
		D87B9F2520AB35750047CCB0 /* QuoteViewController.swift in Sources */ = {isa = PBXBuildFile; fileRef = D87B9F2420AB35750047CCB0 /* QuoteViewController.swift */; };
		D87B9F2720AB35890047CCB0 /* QuoteViewControllerTests.swift in Sources */ = {isa = PBXBuildFile; fileRef = D87B9F2620AB35890047CCB0 /* QuoteViewControllerTests.swift */; };
		D87B9F2920AB3B990047CCB0 /* AppLaunchingTests.swift in Sources */ = {isa = PBXBuildFile; fileRef = D87B9F2820AB3B990047CCB0 /* AppLaunchingTests.swift */; };
		D8A81E5620AF2FC500C1A523 /* Screenshot.png in Resources */ = {isa = PBXBuildFile; fileRef = D8A81E5520AF2FC500C1A523 /* Screenshot.png */; };
/* End PBXBuildFile section */

/* Begin PBXContainerItemProxy section */
		D87B9F0B20AA7FFF0047CCB0 /* PBXContainerItemProxy */ = {
			isa = PBXContainerItemProxy;
			containerPortal = D87B9EEE20AA7FFD0047CCB0 /* Project object */;
			proxyType = 1;
			remoteGlobalIDString = D87B9EF520AA7FFD0047CCB0;
			remoteInfo = ProgrammingQuotes;
		};
/* End PBXContainerItemProxy section */

/* Begin PBXFileReference section */
		D87B9EF620AA7FFD0047CCB0 /* Blocks.app */ = {isa = PBXFileReference; explicitFileType = wrapper.application; includeInIndex = 0; path = Blocks.app; sourceTree = BUILT_PRODUCTS_DIR; };
		D87B9EF920AA7FFD0047CCB0 /* AppDelegate.swift */ = {isa = PBXFileReference; lastKnownFileType = sourcecode.swift; path = AppDelegate.swift; sourceTree = "<group>"; };
		D87B9F0020AA7FFE0047CCB0 /* Assets.xcassets */ = {isa = PBXFileReference; lastKnownFileType = folder.assetcatalog; path = Assets.xcassets; sourceTree = "<group>"; };
		D87B9F0320AA7FFE0047CCB0 /* Base */ = {isa = PBXFileReference; lastKnownFileType = file.storyboard; name = Base; path = Base.lproj/LaunchScreen.storyboard; sourceTree = "<group>"; };
		D87B9F0520AA7FFE0047CCB0 /* Info.plist */ = {isa = PBXFileReference; lastKnownFileType = text.plist.xml; path = Info.plist; sourceTree = "<group>"; };
		D87B9F0A20AA7FFF0047CCB0 /* BlocksTests.xctest */ = {isa = PBXFileReference; explicitFileType = wrapper.cfbundle; includeInIndex = 0; path = BlocksTests.xctest; sourceTree = BUILT_PRODUCTS_DIR; };
		D87B9F1020AA7FFF0047CCB0 /* Info.plist */ = {isa = PBXFileReference; lastKnownFileType = text.plist.xml; path = Info.plist; sourceTree = "<group>"; };
		D87B9F1A20AA8AFB0047CCB0 /* Quote.swift */ = {isa = PBXFileReference; lastKnownFileType = sourcecode.swift; path = Quote.swift; sourceTree = "<group>"; };
		D87B9F1C20AA8B080047CCB0 /* QuoteTests.swift */ = {isa = PBXFileReference; lastKnownFileType = sourcecode.swift; path = QuoteTests.swift; sourceTree = "<group>"; };
		D87B9F1E20AA8BEC0047CCB0 /* QuoteStoreTests.swift */ = {isa = PBXFileReference; lastKnownFileType = sourcecode.swift; path = QuoteStoreTests.swift; sourceTree = "<group>"; };
		D87B9F2020AA8BF50047CCB0 /* QuoteStore.swift */ = {isa = PBXFileReference; lastKnownFileType = sourcecode.swift; path = QuoteStore.swift; sourceTree = "<group>"; };
		D87B9F2220AAC5690047CCB0 /* ProgrammingQuotesAPI.swift */ = {isa = PBXFileReference; lastKnownFileType = sourcecode.swift; path = ProgrammingQuotesAPI.swift; sourceTree = "<group>"; };
		D87B9F2420AB35750047CCB0 /* QuoteViewController.swift */ = {isa = PBXFileReference; lastKnownFileType = sourcecode.swift; path = QuoteViewController.swift; sourceTree = "<group>"; };
		D87B9F2620AB35890047CCB0 /* QuoteViewControllerTests.swift */ = {isa = PBXFileReference; lastKnownFileType = sourcecode.swift; path = QuoteViewControllerTests.swift; sourceTree = "<group>"; };
		D87B9F2820AB3B990047CCB0 /* AppLaunchingTests.swift */ = {isa = PBXFileReference; lastKnownFileType = sourcecode.swift; path = AppLaunchingTests.swift; sourceTree = "<group>"; };
		D8A81E5520AF2FC500C1A523 /* Screenshot.png */ = {isa = PBXFileReference; lastKnownFileType = image.png; path = Screenshot.png; sourceTree = "<group>"; };
/* End PBXFileReference section */

/* Begin PBXFrameworksBuildPhase section */
		D87B9EF320AA7FFD0047CCB0 /* Frameworks */ = {
			isa = PBXFrameworksBuildPhase;
			buildActionMask = 2147483647;
			files = (
			);
			runOnlyForDeploymentPostprocessing = 0;
		};
		D87B9F0720AA7FFF0047CCB0 /* Frameworks */ = {
			isa = PBXFrameworksBuildPhase;
			buildActionMask = 2147483647;
			files = (
			);
			runOnlyForDeploymentPostprocessing = 0;
		};
/* End PBXFrameworksBuildPhase section */

/* Begin PBXGroup section */
		D87B9EED20AA7FFD0047CCB0 = {
			isa = PBXGroup;
			children = (
				D87B9EF820AA7FFD0047CCB0 /* ProgrammingQuotes */,
				D8A81E5720AF2FD000C1A523 /* Screenshots */,
				D87B9F0D20AA7FFF0047CCB0 /* ProgrammingQuotesTests */,
				D87B9EF720AA7FFD0047CCB0 /* Products */,
			);
			sourceTree = "<group>";
		};
		D87B9EF720AA7FFD0047CCB0 /* Products */ = {
			isa = PBXGroup;
			children = (
				D87B9EF620AA7FFD0047CCB0 /* Blocks.app */,
				D87B9F0A20AA7FFF0047CCB0 /* BlocksTests.xctest */,
			);
			name = Products;
			sourceTree = "<group>";
		};
		D87B9EF820AA7FFD0047CCB0 /* ProgrammingQuotes */ = {
			isa = PBXGroup;
			children = (
				D87B9EF920AA7FFD0047CCB0 /* AppDelegate.swift */,
				D87B9F2220AAC5690047CCB0 /* ProgrammingQuotesAPI.swift */,
				D87B9F1A20AA8AFB0047CCB0 /* Quote.swift */,
				D87B9F2020AA8BF50047CCB0 /* QuoteStore.swift */,
				D87B9F2420AB35750047CCB0 /* QuoteViewController.swift */,
				D87B9F0020AA7FFE0047CCB0 /* Assets.xcassets */,
				D87B9F0220AA7FFE0047CCB0 /* LaunchScreen.storyboard */,
				D87B9F0520AA7FFE0047CCB0 /* Info.plist */,
			);
			path = ProgrammingQuotes;
			sourceTree = "<group>";
		};
		D87B9F0D20AA7FFF0047CCB0 /* ProgrammingQuotesTests */ = {
			isa = PBXGroup;
			children = (
				D87B9F1020AA7FFF0047CCB0 /* Info.plist */,
				D87B9F1C20AA8B080047CCB0 /* QuoteTests.swift */,
				D87B9F1E20AA8BEC0047CCB0 /* QuoteStoreTests.swift */,
				D87B9F2620AB35890047CCB0 /* QuoteViewControllerTests.swift */,
				D87B9F2820AB3B990047CCB0 /* AppLaunchingTests.swift */,
			);
			path = ProgrammingQuotesTests;
			sourceTree = "<group>";
		};
		D8A81E5720AF2FD000C1A523 /* Screenshots */ = {
			isa = PBXGroup;
			children = (
				D8A81E5520AF2FC500C1A523 /* Screenshot.png */,
			);
			path = Screenshots;
			sourceTree = "<group>";
		};
/* End PBXGroup section */

/* Begin PBXNativeTarget section */
		D87B9EF520AA7FFD0047CCB0 /* Blocks */ = {
			isa = PBXNativeTarget;
			buildConfigurationList = D87B9F1320AA7FFF0047CCB0 /* Build configuration list for PBXNativeTarget "Blocks" */;
			buildPhases = (
				D87B9EF220AA7FFD0047CCB0 /* Sources */,
				D87B9EF320AA7FFD0047CCB0 /* Frameworks */,
				D87B9EF420AA7FFD0047CCB0 /* Resources */,
				D87B9F1920AA83090047CCB0 /* ShellScript */,
			);
			buildRules = (
			);
			dependencies = (
			);
			name = Blocks;
			productName = ProgrammingQuotes;
			productReference = D87B9EF620AA7FFD0047CCB0 /* Blocks.app */;
			productType = "com.apple.product-type.application";
		};
		D87B9F0920AA7FFF0047CCB0 /* BlocksTests */ = {
			isa = PBXNativeTarget;
			buildConfigurationList = D87B9F1620AA7FFF0047CCB0 /* Build configuration list for PBXNativeTarget "BlocksTests" */;
			buildPhases = (
				D87B9F0620AA7FFF0047CCB0 /* Sources */,
				D87B9F0720AA7FFF0047CCB0 /* Frameworks */,
				D87B9F0820AA7FFF0047CCB0 /* Resources */,
			);
			buildRules = (
			);
			dependencies = (
				D87B9F0C20AA7FFF0047CCB0 /* PBXTargetDependency */,
			);
			name = BlocksTests;
			productName = ProgrammingQuotesTests;
			productReference = D87B9F0A20AA7FFF0047CCB0 /* BlocksTests.xctest */;
			productType = "com.apple.product-type.bundle.unit-test";
		};
/* End PBXNativeTarget section */

/* Begin PBXProject section */
		D87B9EEE20AA7FFD0047CCB0 /* Project object */ = {
			isa = PBXProject;
			attributes = {
				LastSwiftUpdateCheck = 0930;
				LastUpgradeCheck = 0930;
				ORGANIZATIONNAME = "Doan Le Thieu";
				TargetAttributes = {
					D87B9EF520AA7FFD0047CCB0 = {
						CreatedOnToolsVersion = 9.3;
						LastSwiftMigration = 1010;
					};
					D87B9F0920AA7FFF0047CCB0 = {
						CreatedOnToolsVersion = 9.3;
						LastSwiftMigration = 1010;
						TestTargetID = D87B9EF520AA7FFD0047CCB0;
					};
				};
			};
			buildConfigurationList = D87B9EF120AA7FFD0047CCB0 /* Build configuration list for PBXProject "Blocks" */;
			compatibilityVersion = "Xcode 9.3";
			developmentRegion = en;
			hasScannedForEncodings = 0;
			knownRegions = (
				en,
				Base,
			);
			mainGroup = D87B9EED20AA7FFD0047CCB0;
			productRefGroup = D87B9EF720AA7FFD0047CCB0 /* Products */;
			projectDirPath = "";
			projectRoot = "";
			targets = (
				D87B9EF520AA7FFD0047CCB0 /* Blocks */,
				D87B9F0920AA7FFF0047CCB0 /* BlocksTests */,
			);
		};
/* End PBXProject section */

/* Begin PBXResourcesBuildPhase section */
		D87B9EF420AA7FFD0047CCB0 /* Resources */ = {
			isa = PBXResourcesBuildPhase;
			buildActionMask = 2147483647;
			files = (
				D87B9F0420AA7FFE0047CCB0 /* LaunchScreen.storyboard in Resources */,
				D87B9F0120AA7FFE0047CCB0 /* Assets.xcassets in Resources */,
				D8A81E5620AF2FC500C1A523 /* Screenshot.png in Resources */,
			);
			runOnlyForDeploymentPostprocessing = 0;
		};
		D87B9F0820AA7FFF0047CCB0 /* Resources */ = {
			isa = PBXResourcesBuildPhase;
			buildActionMask = 2147483647;
			files = (
			);
			runOnlyForDeploymentPostprocessing = 0;
		};
/* End PBXResourcesBuildPhase section */

/* Begin PBXShellScriptBuildPhase section */
		D87B9F1920AA83090047CCB0 /* ShellScript */ = {
			isa = PBXShellScriptBuildPhase;
			buildActionMask = 2147483647;
			files = (
			);
			inputPaths = (
			);
			outputPaths = (
			);
			runOnlyForDeploymentPostprocessing = 0;
			shellPath = /bin/sh;
			shellScript = "if which swiftlint >/dev/null; then\n  swiftlint\nelse\n  echo \"warning: SwiftLint not installed, download from https://github.com/realm/SwiftLint\"\nfi\n";
		};
/* End PBXShellScriptBuildPhase section */

/* Begin PBXSourcesBuildPhase section */
		D87B9EF220AA7FFD0047CCB0 /* Sources */ = {
			isa = PBXSourcesBuildPhase;
			buildActionMask = 2147483647;
			files = (
				D87B9F1B20AA8AFB0047CCB0 /* Quote.swift in Sources */,
				D87B9F2120AA8BF50047CCB0 /* QuoteStore.swift in Sources */,
				D87B9EFA20AA7FFD0047CCB0 /* AppDelegate.swift in Sources */,
				D87B9F2320AAC5690047CCB0 /* ProgrammingQuotesAPI.swift in Sources */,
				D87B9F2520AB35750047CCB0 /* QuoteViewController.swift in Sources */,
			);
			runOnlyForDeploymentPostprocessing = 0;
		};
		D87B9F0620AA7FFF0047CCB0 /* Sources */ = {
			isa = PBXSourcesBuildPhase;
			buildActionMask = 2147483647;
			files = (
				D87B9F1F20AA8BEC0047CCB0 /* QuoteStoreTests.swift in Sources */,
				D87B9F1D20AA8B080047CCB0 /* QuoteTests.swift in Sources */,
				D87B9F2720AB35890047CCB0 /* QuoteViewControllerTests.swift in Sources */,
				D87B9F2920AB3B990047CCB0 /* AppLaunchingTests.swift in Sources */,
			);
			runOnlyForDeploymentPostprocessing = 0;
		};
/* End PBXSourcesBuildPhase section */

/* Begin PBXTargetDependency section */
		D87B9F0C20AA7FFF0047CCB0 /* PBXTargetDependency */ = {
			isa = PBXTargetDependency;
			target = D87B9EF520AA7FFD0047CCB0 /* Blocks */;
			targetProxy = D87B9F0B20AA7FFF0047CCB0 /* PBXContainerItemProxy */;
		};
/* End PBXTargetDependency section */

/* Begin PBXVariantGroup section */
		D87B9F0220AA7FFE0047CCB0 /* LaunchScreen.storyboard */ = {
			isa = PBXVariantGroup;
			children = (
				D87B9F0320AA7FFE0047CCB0 /* Base */,
			);
			name = LaunchScreen.storyboard;
			sourceTree = "<group>";
		};
/* End PBXVariantGroup section */

/* Begin XCBuildConfiguration section */
		D87B9F1120AA7FFF0047CCB0 /* Debug */ = {
			isa = XCBuildConfiguration;
			buildSettings = {
				ALWAYS_SEARCH_USER_PATHS = NO;
				CLANG_ANALYZER_NONNULL = YES;
				CLANG_ANALYZER_NUMBER_OBJECT_CONVERSION = YES_AGGRESSIVE;
				CLANG_CXX_LANGUAGE_STANDARD = "gnu++14";
				CLANG_CXX_LIBRARY = "libc++";
				CLANG_ENABLE_MODULES = YES;
				CLANG_ENABLE_OBJC_ARC = YES;
				CLANG_ENABLE_OBJC_WEAK = YES;
				CLANG_WARN_BLOCK_CAPTURE_AUTORELEASING = YES;
				CLANG_WARN_BOOL_CONVERSION = YES;
				CLANG_WARN_COMMA = YES;
				CLANG_WARN_CONSTANT_CONVERSION = YES;
				CLANG_WARN_DEPRECATED_OBJC_IMPLEMENTATIONS = YES;
				CLANG_WARN_DIRECT_OBJC_ISA_USAGE = YES_ERROR;
				CLANG_WARN_DOCUMENTATION_COMMENTS = YES;
				CLANG_WARN_EMPTY_BODY = YES;
				CLANG_WARN_ENUM_CONVERSION = YES;
				CLANG_WARN_INFINITE_RECURSION = YES;
				CLANG_WARN_INT_CONVERSION = YES;
				CLANG_WARN_NON_LITERAL_NULL_CONVERSION = YES;
				CLANG_WARN_OBJC_IMPLICIT_RETAIN_SELF = YES;
				CLANG_WARN_OBJC_LITERAL_CONVERSION = YES;
				CLANG_WARN_OBJC_ROOT_CLASS = YES_ERROR;
				CLANG_WARN_RANGE_LOOP_ANALYSIS = YES;
				CLANG_WARN_STRICT_PROTOTYPES = YES;
				CLANG_WARN_SUSPICIOUS_MOVE = YES;
				CLANG_WARN_UNGUARDED_AVAILABILITY = YES_AGGRESSIVE;
				CLANG_WARN_UNREACHABLE_CODE = YES;
				CLANG_WARN__DUPLICATE_METHOD_MATCH = YES;
				CODE_SIGN_IDENTITY = "iPhone Developer";
				COPY_PHASE_STRIP = NO;
				DEBUG_INFORMATION_FORMAT = dwarf;
				ENABLE_STRICT_OBJC_MSGSEND = YES;
				ENABLE_TESTABILITY = YES;
				GCC_C_LANGUAGE_STANDARD = gnu11;
				GCC_DYNAMIC_NO_PIC = NO;
				GCC_NO_COMMON_BLOCKS = YES;
				GCC_OPTIMIZATION_LEVEL = 0;
				GCC_PREPROCESSOR_DEFINITIONS = (
					"DEBUG=1",
					"$(inherited)",
				);
				GCC_WARN_64_TO_32_BIT_CONVERSION = YES;
				GCC_WARN_ABOUT_RETURN_TYPE = YES_ERROR;
				GCC_WARN_UNDECLARED_SELECTOR = YES;
				GCC_WARN_UNINITIALIZED_AUTOS = YES_AGGRESSIVE;
				GCC_WARN_UNUSED_FUNCTION = YES;
				GCC_WARN_UNUSED_VARIABLE = YES;
				IPHONEOS_DEPLOYMENT_TARGET = 11.3;
				MTL_ENABLE_DEBUG_INFO = YES;
				ONLY_ACTIVE_ARCH = YES;
				SDKROOT = iphoneos;
				SWIFT_ACTIVE_COMPILATION_CONDITIONS = DEBUG;
				SWIFT_OPTIMIZATION_LEVEL = "-Onone";
			};
			name = Debug;
		};
		D87B9F1220AA7FFF0047CCB0 /* Release */ = {
			isa = XCBuildConfiguration;
			buildSettings = {
				ALWAYS_SEARCH_USER_PATHS = NO;
				CLANG_ANALYZER_NONNULL = YES;
				CLANG_ANALYZER_NUMBER_OBJECT_CONVERSION = YES_AGGRESSIVE;
				CLANG_CXX_LANGUAGE_STANDARD = "gnu++14";
				CLANG_CXX_LIBRARY = "libc++";
				CLANG_ENABLE_MODULES = YES;
				CLANG_ENABLE_OBJC_ARC = YES;
				CLANG_ENABLE_OBJC_WEAK = YES;
				CLANG_WARN_BLOCK_CAPTURE_AUTORELEASING = YES;
				CLANG_WARN_BOOL_CONVERSION = YES;
				CLANG_WARN_COMMA = YES;
				CLANG_WARN_CONSTANT_CONVERSION = YES;
				CLANG_WARN_DEPRECATED_OBJC_IMPLEMENTATIONS = YES;
				CLANG_WARN_DIRECT_OBJC_ISA_USAGE = YES_ERROR;
				CLANG_WARN_DOCUMENTATION_COMMENTS = YES;
				CLANG_WARN_EMPTY_BODY = YES;
				CLANG_WARN_ENUM_CONVERSION = YES;
				CLANG_WARN_INFINITE_RECURSION = YES;
				CLANG_WARN_INT_CONVERSION = YES;
				CLANG_WARN_NON_LITERAL_NULL_CONVERSION = YES;
				CLANG_WARN_OBJC_IMPLICIT_RETAIN_SELF = YES;
				CLANG_WARN_OBJC_LITERAL_CONVERSION = YES;
				CLANG_WARN_OBJC_ROOT_CLASS = YES_ERROR;
				CLANG_WARN_RANGE_LOOP_ANALYSIS = YES;
				CLANG_WARN_STRICT_PROTOTYPES = YES;
				CLANG_WARN_SUSPICIOUS_MOVE = YES;
				CLANG_WARN_UNGUARDED_AVAILABILITY = YES_AGGRESSIVE;
				CLANG_WARN_UNREACHABLE_CODE = YES;
				CLANG_WARN__DUPLICATE_METHOD_MATCH = YES;
				CODE_SIGN_IDENTITY = "iPhone Developer";
				COPY_PHASE_STRIP = NO;
				DEBUG_INFORMATION_FORMAT = "dwarf-with-dsym";
				ENABLE_NS_ASSERTIONS = NO;
				ENABLE_STRICT_OBJC_MSGSEND = YES;
				GCC_C_LANGUAGE_STANDARD = gnu11;
				GCC_NO_COMMON_BLOCKS = YES;
				GCC_WARN_64_TO_32_BIT_CONVERSION = YES;
				GCC_WARN_ABOUT_RETURN_TYPE = YES_ERROR;
				GCC_WARN_UNDECLARED_SELECTOR = YES;
				GCC_WARN_UNINITIALIZED_AUTOS = YES_AGGRESSIVE;
				GCC_WARN_UNUSED_FUNCTION = YES;
				GCC_WARN_UNUSED_VARIABLE = YES;
				IPHONEOS_DEPLOYMENT_TARGET = 11.3;
				MTL_ENABLE_DEBUG_INFO = NO;
				SDKROOT = iphoneos;
				SWIFT_COMPILATION_MODE = wholemodule;
				SWIFT_OPTIMIZATION_LEVEL = "-O";
				VALIDATE_PRODUCT = YES;
			};
			name = Release;
		};
		D87B9F1420AA7FFF0047CCB0 /* Debug */ = {
			isa = XCBuildConfiguration;
			buildSettings = {
				ASSETCATALOG_COMPILER_APPICON_NAME = AppIcon;
				CODE_SIGN_STYLE = Manual;
				INFOPLIST_FILE = ProgrammingQuotes/Info.plist;
				LD_RUNPATH_SEARCH_PATHS = (
					"$(inherited)",
					"@executable_path/Frameworks",
				);
				PRODUCT_BUNDLE_IDENTIFIER = com.doanthieu.Blocks;
				PRODUCT_NAME = "$(TARGET_NAME)";
				SWIFT_VERSION = 4.2;
				TARGETED_DEVICE_FAMILY = 1;
			};
			name = Debug;
		};
		D87B9F1520AA7FFF0047CCB0 /* Release */ = {
			isa = XCBuildConfiguration;
			buildSettings = {
				ASSETCATALOG_COMPILER_APPICON_NAME = AppIcon;
				CODE_SIGN_STYLE = Manual;
				INFOPLIST_FILE = ProgrammingQuotes/Info.plist;
				LD_RUNPATH_SEARCH_PATHS = (
					"$(inherited)",
					"@executable_path/Frameworks",
				);
				PRODUCT_BUNDLE_IDENTIFIER = com.doanthieu.Blocks;
				PRODUCT_NAME = "$(TARGET_NAME)";
				SWIFT_VERSION = 4.2;
				TARGETED_DEVICE_FAMILY = 1;
			};
			name = Release;
		};
		D87B9F1720AA7FFF0047CCB0 /* Debug */ = {
			isa = XCBuildConfiguration;
			buildSettings = {
				ALWAYS_EMBED_SWIFT_STANDARD_LIBRARIES = YES;
				BUNDLE_LOADER = "$(TEST_HOST)";
				CLANG_ENABLE_MODULES = YES;
				CODE_SIGN_STYLE = Automatic;
				INFOPLIST_FILE = ProgrammingQuotesTests/Info.plist;
				LD_RUNPATH_SEARCH_PATHS = (
					"$(inherited)",
					"@executable_path/Frameworks",
					"@loader_path/Frameworks",
				);
				PRODUCT_BUNDLE_IDENTIFIER = com.doanthieu.ProgrammingQuotesTests;
				PRODUCT_NAME = "$(TARGET_NAME)";
				SWIFT_OPTIMIZATION_LEVEL = "-Onone";
				SWIFT_VERSION = 4.2;
				TARGETED_DEVICE_FAMILY = "1,2";
				TEST_HOST = "$(BUILT_PRODUCTS_DIR)/Blocks.app/Blocks";
			};
			name = Debug;
		};
		D87B9F1820AA7FFF0047CCB0 /* Release */ = {
			isa = XCBuildConfiguration;
			buildSettings = {
				ALWAYS_EMBED_SWIFT_STANDARD_LIBRARIES = YES;
				BUNDLE_LOADER = "$(TEST_HOST)";
				CLANG_ENABLE_MODULES = YES;
				CODE_SIGN_STYLE = Automatic;
				INFOPLIST_FILE = ProgrammingQuotesTests/Info.plist;
				LD_RUNPATH_SEARCH_PATHS = (
					"$(inherited)",
					"@executable_path/Frameworks",
					"@loader_path/Frameworks",
				);
				PRODUCT_BUNDLE_IDENTIFIER = com.doanthieu.ProgrammingQuotesTests;
				PRODUCT_NAME = "$(TARGET_NAME)";
				SWIFT_VERSION = 4.2;
				TARGETED_DEVICE_FAMILY = "1,2";
				TEST_HOST = "$(BUILT_PRODUCTS_DIR)/Blocks.app/Blocks";
			};
			name = Release;
		};
/* End XCBuildConfiguration section */

/* Begin XCConfigurationList section */
		D87B9EF120AA7FFD0047CCB0 /* Build configuration list for PBXProject "Blocks" */ = {
			isa = XCConfigurationList;
			buildConfigurations = (
				D87B9F1120AA7FFF0047CCB0 /* Debug */,
				D87B9F1220AA7FFF0047CCB0 /* Release */,
			);
			defaultConfigurationIsVisible = 0;
			defaultConfigurationName = Release;
		};
		D87B9F1320AA7FFF0047CCB0 /* Build configuration list for PBXNativeTarget "Blocks" */ = {
			isa = XCConfigurationList;
			buildConfigurations = (
				D87B9F1420AA7FFF0047CCB0 /* Debug */,
				D87B9F1520AA7FFF0047CCB0 /* Release */,
			);
			defaultConfigurationIsVisible = 0;
			defaultConfigurationName = Release;
		};
		D87B9F1620AA7FFF0047CCB0 /* Build configuration list for PBXNativeTarget "BlocksTests" */ = {
			isa = XCConfigurationList;
			buildConfigurations = (
				D87B9F1720AA7FFF0047CCB0 /* Debug */,
				D87B9F1820AA7FFF0047CCB0 /* Release */,
			);
			defaultConfigurationIsVisible = 0;
			defaultConfigurationName = Release;
		};
/* End XCConfigurationList section */
	};
	rootObject = D87B9EEE20AA7FFD0047CCB0 /* Project object */;
}
